
Microsoft Visual Studio Solution File, Format Version 12.00
Project("{2150E333-8FDC-42A3-9474-1A3956D46DE8}") = "2nd Tasks", "2nd Tasks", "{16C36786-CCD6-4564-8BFC-D17949BB1C30}"
EndProject
Project("{2150E333-8FDC-42A3-9474-1A3956D46DE8}") = "1st Tasks", "1st Tasks", "{FE06BC1E-DAA2-40B6-AD5E-99E91FB2EC24}"
EndProject
Project("{FAE04EC0-301F-11D3-BF4B-00C04F79EFBC}") = "Task1.1", "1st Tasks\Task1.1\Task1.1.csproj", "{A8EFF560-22E1-448D-8D87-245F2A9ADFD6}"
EndProject
Project("{FAE04EC0-301F-11D3-BF4B-00C04F79EFBC}") = "Task1.2", "1st Tasks\Task1.2\Task1.2.csproj", "{AA4C1271-8F6C-475F-9965-45361F671A60}"
EndProject
Project("{FAE04EC0-301F-11D3-BF4B-00C04F79EFBC}") = "Task1.3", "1st Tasks\Task1.3\Task1.3.csproj", "{5B7695A5-1A99-4CFB-8DBE-C7E400B33FE1}"
EndProject
Project("{FAE04EC0-301F-11D3-BF4B-00C04F79EFBC}") = "Task2.1", "2nd Tasks\Task2.1\Task2.1.csproj", "{14EE51FF-20B2-4BE5-9B45-95C009A54622}"
EndProject
Project("{FAE04EC0-301F-11D3-BF4B-00C04F79EFBC}") = "Task2.2", "2nd Tasks\Task2.2\Task2.2.csproj", "{5F971ABD-818C-4F08-9D70-953E5C95E970}"
EndProject
Project("{FAE04EC0-301F-11D3-BF4B-00C04F79EFBC}") = "Task2.3", "2nd Tasks\Task2.3\Task2.3.csproj", "{65C123CE-71CB-4145-BA92-3C3546966808}"
EndProject
Global
	GlobalSection(SolutionConfigurationPlatforms) = preSolution
		Debug|Any CPU = Debug|Any CPU
		Release|Any CPU = Release|Any CPU
	EndGlobalSection
	GlobalSection(ProjectConfigurationPlatforms) = postSolution
		{A8EFF560-22E1-448D-8D87-245F2A9ADFD6}.Debug|Any CPU.ActiveCfg = Debug|Any CPU
		{A8EFF560-22E1-448D-8D87-245F2A9ADFD6}.Debug|Any CPU.Build.0 = Debug|Any CPU
		{A8EFF560-22E1-448D-8D87-245F2A9ADFD6}.Release|Any CPU.ActiveCfg = Release|Any CPU
		{A8EFF560-22E1-448D-8D87-245F2A9ADFD6}.Release|Any CPU.Build.0 = Release|Any CPU
		{AA4C1271-8F6C-475F-9965-45361F671A60}.Debug|Any CPU.ActiveCfg = Debug|Any CPU
		{AA4C1271-8F6C-475F-9965-45361F671A60}.Debug|Any CPU.Build.0 = Debug|Any CPU
		{AA4C1271-8F6C-475F-9965-45361F671A60}.Release|Any CPU.ActiveCfg = Release|Any CPU
		{AA4C1271-8F6C-475F-9965-45361F671A60}.Release|Any CPU.Build.0 = Release|Any CPU
		{5B7695A5-1A99-4CFB-8DBE-C7E400B33FE1}.Debug|Any CPU.ActiveCfg = Debug|Any CPU
		{5B7695A5-1A99-4CFB-8DBE-C7E400B33FE1}.Debug|Any CPU.Build.0 = Debug|Any CPU
		{5B7695A5-1A99-4CFB-8DBE-C7E400B33FE1}.Release|Any CPU.ActiveCfg = Release|Any CPU
		{5B7695A5-1A99-4CFB-8DBE-C7E400B33FE1}.Release|Any CPU.Build.0 = Release|Any CPU
		{14EE51FF-20B2-4BE5-9B45-95C009A54622}.Debug|Any CPU.ActiveCfg = Debug|Any CPU
		{14EE51FF-20B2-4BE5-9B45-95C009A54622}.Debug|Any CPU.Build.0 = Debug|Any CPU
		{14EE51FF-20B2-4BE5-9B45-95C009A54622}.Release|Any CPU.ActiveCfg = Release|Any CPU
		{14EE51FF-20B2-4BE5-9B45-95C009A54622}.Release|Any CPU.Build.0 = Release|Any CPU
		{5F971ABD-818C-4F08-9D70-953E5C95E970}.Debug|Any CPU.ActiveCfg = Debug|Any CPU
		{5F971ABD-818C-4F08-9D70-953E5C95E970}.Debug|Any CPU.Build.0 = Debug|Any CPU
		{5F971ABD-818C-4F08-9D70-953E5C95E970}.Release|Any CPU.ActiveCfg = Release|Any CPU
		{5F971ABD-818C-4F08-9D70-953E5C95E970}.Release|Any CPU.Build.0 = Release|Any CPU
		{65C123CE-71CB-4145-BA92-3C3546966808}.Debug|Any CPU.ActiveCfg = Debug|Any CPU
		{65C123CE-71CB-4145-BA92-3C3546966808}.Debug|Any CPU.Build.0 = Debug|Any CPU
		{65C123CE-71CB-4145-BA92-3C3546966808}.Release|Any CPU.ActiveCfg = Release|Any CPU
		{65C123CE-71CB-4145-BA92-3C3546966808}.Release|Any CPU.Build.0 = Release|Any CPU
	EndGlobalSection
	GlobalSection(NestedProjects) = preSolution
		{A8EFF560-22E1-448D-8D87-245F2A9ADFD6} = {FE06BC1E-DAA2-40B6-AD5E-99E91FB2EC24}
		{AA4C1271-8F6C-475F-9965-45361F671A60} = {FE06BC1E-DAA2-40B6-AD5E-99E91FB2EC24}
		{5B7695A5-1A99-4CFB-8DBE-C7E400B33FE1} = {FE06BC1E-DAA2-40B6-AD5E-99E91FB2EC24}
		{14EE51FF-20B2-4BE5-9B45-95C009A54622} = {16C36786-CCD6-4564-8BFC-D17949BB1C30}
		{5F971ABD-818C-4F08-9D70-953E5C95E970} = {16C36786-CCD6-4564-8BFC-D17949BB1C30}
		{65C123CE-71CB-4145-BA92-3C3546966808} = {16C36786-CCD6-4564-8BFC-D17949BB1C30}
	EndGlobalSection
EndGlobal
